
Microsoft Visual Studio Solution File, Format Version 12.00
# Visual Studio Version 17
VisualStudioVersion = 17.3.32825.248
MinimumVisualStudioVersion = 10.0.40219.1
Project("{FAE04EC0-301F-11D3-BF4B-00C04F79EFBC}") = "SayısalLoto", "SayısalLoto\SayısalLoto.csproj", "{33BCA1EC-35FE-4FB0-92C6-8D886132EA22}"
EndProject
Project("{54435603-DBB4-11D2-8724-00A0C9A8B90C}") = "lotosetup", "lotosetup\lotosetup.vdproj", "{3984F738-804A-4C96-B567-FF2650B8D619}"
EndProject
Global
	GlobalSection(SolutionConfigurationPlatforms) = preSolution
		Debug|Any CPU = Debug|Any CPU
		Release|Any CPU = Release|Any CPU
	EndGlobalSection
	GlobalSection(ProjectConfigurationPlatforms) = postSolution
		{33BCA1EC-35FE-4FB0-92C6-8D886132EA22}.Debug|Any CPU.ActiveCfg = Debug|Any CPU
		{33BCA1EC-35FE-4FB0-92C6-8D886132EA22}.Debug|Any CPU.Build.0 = Debug|Any CPU
		{33BCA1EC-35FE-4FB0-92C6-8D886132EA22}.Release|Any CPU.ActiveCfg = Release|Any CPU
		{33BCA1EC-35FE-4FB0-92C6-8D886132EA22}.Release|Any CPU.Build.0 = Release|Any CPU
		{3984F738-804A-4C96-B567-FF2650B8D619}.Debug|Any CPU.ActiveCfg = Debug
		{3984F738-804A-4C96-B567-FF2650B8D619}.Release|Any CPU.ActiveCfg = Release
	EndGlobalSection
	GlobalSection(SolutionProperties) = preSolution
		HideSolutionNode = FALSE
	EndGlobalSection
	GlobalSection(ExtensibilityGlobals) = postSolution
		SolutionGuid = {31E7F19C-F106-4D85-8502-F05F6FA4E911}
	EndGlobalSection
EndGlobal
